// !$*UTF8*$!
{
	archiveVersion = 1;
	classes = {
	};
	objectVersion = 46;
	objects = {

/* Begin PBXBuildFile section */
		050F5F321F4D8BDE001E5C49 /* main.m in Sources */ = {isa = PBXBuildFile; fileRef = 050F5F311F4D8BDE001E5C49 /* main.m */; };
		050F5F351F4D8BDE001E5C49 /* AppDelegate.m in Sources */ = {isa = PBXBuildFile; fileRef = 050F5F341F4D8BDE001E5C49 /* AppDelegate.m */; };
		050F5F381F4D8BDE001E5C49 /* ViewController.m in Sources */ = {isa = PBXBuildFile; fileRef = 050F5F371F4D8BDE001E5C49 /* ViewController.m */; };
		050F5F3B1F4D8BDE001E5C49 /* Main.storyboard in Resources */ = {isa = PBXBuildFile; fileRef = 050F5F391F4D8BDE001E5C49 /* Main.storyboard */; };
		050F5F3D1F4D8BDE001E5C49 /* Assets.xcassets in Resources */ = {isa = PBXBuildFile; fileRef = 050F5F3C1F4D8BDE001E5C49 /* Assets.xcassets */; };
		050F5F401F4D8BDE001E5C49 /* LaunchScreen.storyboard in Resources */ = {isa = PBXBuildFile; fileRef = 050F5F3E1F4D8BDE001E5C49 /* LaunchScreen.storyboard */; };
		050F5F4B1F4D8BDE001E5C49 /* DemoTests.m in Sources */ = {isa = PBXBuildFile; fileRef = 050F5F4A1F4D8BDE001E5C49 /* DemoTests.m */; };
		050F5F561F4D8BDE001E5C49 /* DemoUITests.m in Sources */ = {isa = PBXBuildFile; fileRef = 050F5F551F4D8BDE001E5C49 /* DemoUITests.m */; };
		051F85FF1F53BDEC00A2109A /* FirstTableVIewController.m in Sources */ = {isa = PBXBuildFile; fileRef = 051F85FE1F53BDEC00A2109A /* FirstTableVIewController.m */; };
		051F86011F53D94500A2109A /* BusinessManage.json in Resources */ = {isa = PBXBuildFile; fileRef = 051F86001F53D94500A2109A /* BusinessManage.json */; };
		051F86041F53DE8B00A2109A /* Firstmodel.m in Sources */ = {isa = PBXBuildFile; fileRef = 051F86031F53DE8B00A2109A /* Firstmodel.m */; };
		051F86071F53E09100A2109A /* TableViewCell.m in Sources */ = {isa = PBXBuildFile; fileRef = 051F86061F53E09100A2109A /* TableViewCell.m */; };
		05ACA95A1F70B4DD0073D305 /* DSZInterFace.m in Sources */ = {isa = PBXBuildFile; fileRef = 05ACA9591F70B4DD0073D305 /* DSZInterFace.m */; };
		92310C5037F741952964CA03 /* libPods-Demo.a in Frameworks */ = {isa = PBXBuildFile; fileRef = CF0E165FE0449CD0D0C8A7C1 /* libPods-Demo.a */; };
/* End PBXBuildFile section */

/* Begin PBXContainerItemProxy section */
		050F5F471F4D8BDE001E5C49 /* PBXContainerItemProxy */ = {
			isa = PBXContainerItemProxy;
			containerPortal = 050F5F251F4D8BDE001E5C49 /* Project object */;
			proxyType = 1;
			remoteGlobalIDString = 050F5F2C1F4D8BDE001E5C49;
			remoteInfo = Demo;
		};
		050F5F521F4D8BDE001E5C49 /* PBXContainerItemProxy */ = {
			isa = PBXContainerItemProxy;
			containerPortal = 050F5F251F4D8BDE001E5C49 /* Project object */;
			proxyType = 1;
			remoteGlobalIDString = 050F5F2C1F4D8BDE001E5C49;
			remoteInfo = Demo;
		};
/* End PBXContainerItemProxy section */

/* Begin PBXFileReference section */
		050F5F2D1F4D8BDE001E5C49 /* Demo.app */ = {isa = PBXFileReference; explicitFileType = wrapper.application; includeInIndex = 0; path = Demo.app; sourceTree = BUILT_PRODUCTS_DIR; };
		050F5F311F4D8BDE001E5C49 /* main.m */ = {isa = PBXFileReference; lastKnownFileType = sourcecode.c.objc; path = main.m; sourceTree = "<group>"; };
		050F5F331F4D8BDE001E5C49 /* AppDelegate.h */ = {isa = PBXFileReference; lastKnownFileType = sourcecode.c.h; path = AppDelegate.h; sourceTree = "<group>"; };
		050F5F341F4D8BDE001E5C49 /* AppDelegate.m */ = {isa = PBXFileReference; lastKnownFileType = sourcecode.c.objc; path = AppDelegate.m; sourceTree = "<group>"; };
		050F5F361F4D8BDE001E5C49 /* ViewController.h */ = {isa = PBXFileReference; lastKnownFileType = sourcecode.c.h; path = ViewController.h; sourceTree = "<group>"; };
		050F5F371F4D8BDE001E5C49 /* ViewController.m */ = {isa = PBXFileReference; lastKnownFileType = sourcecode.c.objc; path = ViewController.m; sourceTree = "<group>"; };
		050F5F3A1F4D8BDE001E5C49 /* Base */ = {isa = PBXFileReference; lastKnownFileType = file.storyboard; name = Base; path = Base.lproj/Main.storyboard; sourceTree = "<group>"; };
		050F5F3C1F4D8BDE001E5C49 /* Assets.xcassets */ = {isa = PBXFileReference; lastKnownFileType = folder.assetcatalog; path = Assets.xcassets; sourceTree = "<group>"; };
		050F5F3F1F4D8BDE001E5C49 /* Base */ = {isa = PBXFileReference; lastKnownFileType = file.storyboard; name = Base; path = Base.lproj/LaunchScreen.storyboard; sourceTree = "<group>"; };
		050F5F411F4D8BDE001E5C49 /* Info.plist */ = {isa = PBXFileReference; lastKnownFileType = text.plist.xml; path = Info.plist; sourceTree = "<group>"; };
		050F5F461F4D8BDE001E5C49 /* DemoTests.xctest */ = {isa = PBXFileReference; explicitFileType = wrapper.cfbundle; includeInIndex = 0; path = DemoTests.xctest; sourceTree = BUILT_PRODUCTS_DIR; };
		050F5F4A1F4D8BDE001E5C49 /* DemoTests.m */ = {isa = PBXFileReference; lastKnownFileType = sourcecode.c.objc; path = DemoTests.m; sourceTree = "<group>"; };
		050F5F4C1F4D8BDE001E5C49 /* Info.plist */ = {isa = PBXFileReference; lastKnownFileType = text.plist.xml; path = Info.plist; sourceTree = "<group>"; };
		050F5F511F4D8BDE001E5C49 /* DemoUITests.xctest */ = {isa = PBXFileReference; explicitFileType = wrapper.cfbundle; includeInIndex = 0; path = DemoUITests.xctest; sourceTree = BUILT_PRODUCTS_DIR; };
		050F5F551F4D8BDE001E5C49 /* DemoUITests.m */ = {isa = PBXFileReference; lastKnownFileType = sourcecode.c.objc; path = DemoUITests.m; sourceTree = "<group>"; };
		050F5F571F4D8BDE001E5C49 /* Info.plist */ = {isa = PBXFileReference; lastKnownFileType = text.plist.xml; path = Info.plist; sourceTree = "<group>"; };
		051F85FD1F53BDEC00A2109A /* FirstTableVIewController.h */ = {isa = PBXFileReference; fileEncoding = 4; lastKnownFileType = sourcecode.c.h; path = FirstTableVIewController.h; sourceTree = "<group>"; };
		051F85FE1F53BDEC00A2109A /* FirstTableVIewController.m */ = {isa = PBXFileReference; fileEncoding = 4; lastKnownFileType = sourcecode.c.objc; path = FirstTableVIewController.m; sourceTree = "<group>"; };
		051F86001F53D94500A2109A /* BusinessManage.json */ = {isa = PBXFileReference; fileEncoding = 4; lastKnownFileType = text.json; path = BusinessManage.json; sourceTree = "<group>"; };
		051F86021F53DE8B00A2109A /* Firstmodel.h */ = {isa = PBXFileReference; fileEncoding = 4; lastKnownFileType = sourcecode.c.h; path = Firstmodel.h; sourceTree = "<group>"; };
		051F86031F53DE8B00A2109A /* Firstmodel.m */ = {isa = PBXFileReference; fileEncoding = 4; lastKnownFileType = sourcecode.c.objc; path = Firstmodel.m; sourceTree = "<group>"; };
		051F86051F53E09100A2109A /* TableViewCell.h */ = {isa = PBXFileReference; fileEncoding = 4; lastKnownFileType = sourcecode.c.h; path = TableViewCell.h; sourceTree = "<group>"; };
		051F86061F53E09100A2109A /* TableViewCell.m */ = {isa = PBXFileReference; fileEncoding = 4; lastKnownFileType = sourcecode.c.objc; path = TableViewCell.m; sourceTree = "<group>"; };
		05ACA9581F70B4DD0073D305 /* DSZInterFace.h */ = {isa = PBXFileReference; fileEncoding = 4; lastKnownFileType = sourcecode.c.h; path = DSZInterFace.h; sourceTree = "<group>"; };
		05ACA9591F70B4DD0073D305 /* DSZInterFace.m */ = {isa = PBXFileReference; fileEncoding = 4; lastKnownFileType = sourcecode.c.objc; path = DSZInterFace.m; sourceTree = "<group>"; };
		AA0788FF76F62F5081D11B3D /* Pods-Demo.release.xcconfig */ = {isa = PBXFileReference; includeInIndex = 1; lastKnownFileType = text.xcconfig; name = "Pods-Demo.release.xcconfig"; path = "Pods/Target Support Files/Pods-Demo/Pods-Demo.release.xcconfig"; sourceTree = "<group>"; };
		C1BD9B58303A17FED840BB34 /* Pods-Demo.debug.xcconfig */ = {isa = PBXFileReference; includeInIndex = 1; lastKnownFileType = text.xcconfig; name = "Pods-Demo.debug.xcconfig"; path = "Pods/Target Support Files/Pods-Demo/Pods-Demo.debug.xcconfig"; sourceTree = "<group>"; };
		CF0E165FE0449CD0D0C8A7C1 /* libPods-Demo.a */ = {isa = PBXFileReference; explicitFileType = archive.ar; includeInIndex = 0; path = "libPods-Demo.a"; sourceTree = BUILT_PRODUCTS_DIR; };
/* End PBXFileReference section */

/* Begin PBXFrameworksBuildPhase section */
		050F5F2A1F4D8BDE001E5C49 /* Frameworks */ = {
			isa = PBXFrameworksBuildPhase;
			buildActionMask = 2147483647;
			files = (
				92310C5037F741952964CA03 /* libPods-Demo.a in Frameworks */,
			);
			runOnlyForDeploymentPostprocessing = 0;
		};
		050F5F431F4D8BDE001E5C49 /* Frameworks */ = {
			isa = PBXFrameworksBuildPhase;
			buildActionMask = 2147483647;
			files = (
			);
			runOnlyForDeploymentPostprocessing = 0;
		};
		050F5F4E1F4D8BDE001E5C49 /* Frameworks */ = {
			isa = PBXFrameworksBuildPhase;
			buildActionMask = 2147483647;
			files = (
			);
			runOnlyForDeploymentPostprocessing = 0;
		};
/* End PBXFrameworksBuildPhase section */

/* Begin PBXGroup section */
		050F5F241F4D8BDE001E5C49 = {
			isa = PBXGroup;
			children = (
				050F5F2F1F4D8BDE001E5C49 /* Demo */,
				050F5F491F4D8BDE001E5C49 /* DemoTests */,
				050F5F541F4D8BDE001E5C49 /* DemoUITests */,
				050F5F2E1F4D8BDE001E5C49 /* Products */,
				C569FFDBDAD6BC80014DD6B9 /* Pods */,
				3A93D9598A67F7F91F7E5061 /* Frameworks */,
			);
			sourceTree = "<group>";
		};
		050F5F2E1F4D8BDE001E5C49 /* Products */ = {
			isa = PBXGroup;
			children = (
				050F5F2D1F4D8BDE001E5C49 /* Demo.app */,
				050F5F461F4D8BDE001E5C49 /* DemoTests.xctest */,
				050F5F511F4D8BDE001E5C49 /* DemoUITests.xctest */,
			);
			name = Products;
			sourceTree = "<group>";
		};
		050F5F2F1F4D8BDE001E5C49 /* Demo */ = {
			isa = PBXGroup;
			children = (
				050F5F331F4D8BDE001E5C49 /* AppDelegate.h */,
				050F5F341F4D8BDE001E5C49 /* AppDelegate.m */,
				050F5F361F4D8BDE001E5C49 /* ViewController.h */,
				050F5F371F4D8BDE001E5C49 /* ViewController.m */,
				051F86051F53E09100A2109A /* TableViewCell.h */,
				051F86061F53E09100A2109A /* TableViewCell.m */,
				051F86021F53DE8B00A2109A /* Firstmodel.h */,
				051F86031F53DE8B00A2109A /* Firstmodel.m */,
				051F85FD1F53BDEC00A2109A /* FirstTableVIewController.h */,
				051F85FE1F53BDEC00A2109A /* FirstTableVIewController.m */,
				05ACA9581F70B4DD0073D305 /* DSZInterFace.h */,
				05ACA9591F70B4DD0073D305 /* DSZInterFace.m */,
				051F86001F53D94500A2109A /* BusinessManage.json */,
				050F5F391F4D8BDE001E5C49 /* Main.storyboard */,
				050F5F3C1F4D8BDE001E5C49 /* Assets.xcassets */,
				050F5F3E1F4D8BDE001E5C49 /* LaunchScreen.storyboard */,
				050F5F411F4D8BDE001E5C49 /* Info.plist */,
				050F5F301F4D8BDE001E5C49 /* Supporting Files */,
			);
			path = Demo;
			sourceTree = "<group>";
		};
		050F5F301F4D8BDE001E5C49 /* Supporting Files */ = {
			isa = PBXGroup;
			children = (
				050F5F311F4D8BDE001E5C49 /* main.m */,
			);
			name = "Supporting Files";
			sourceTree = "<group>";
		};
		050F5F491F4D8BDE001E5C49 /* DemoTests */ = {
			isa = PBXGroup;
			children = (
				050F5F4A1F4D8BDE001E5C49 /* DemoTests.m */,
				050F5F4C1F4D8BDE001E5C49 /* Info.plist */,
			);
			path = DemoTests;
			sourceTree = "<group>";
		};
		050F5F541F4D8BDE001E5C49 /* DemoUITests */ = {
			isa = PBXGroup;
			children = (
				050F5F551F4D8BDE001E5C49 /* DemoUITests.m */,
				050F5F571F4D8BDE001E5C49 /* Info.plist */,
			);
			path = DemoUITests;
			sourceTree = "<group>";
		};
		3A93D9598A67F7F91F7E5061 /* Frameworks */ = {
			isa = PBXGroup;
			children = (
				CF0E165FE0449CD0D0C8A7C1 /* libPods-Demo.a */,
			);
			name = Frameworks;
			sourceTree = "<group>";
		};
		C569FFDBDAD6BC80014DD6B9 /* Pods */ = {
			isa = PBXGroup;
			children = (
				C1BD9B58303A17FED840BB34 /* Pods-Demo.debug.xcconfig */,
				AA0788FF76F62F5081D11B3D /* Pods-Demo.release.xcconfig */,
			);
			name = Pods;
			sourceTree = "<group>";
		};
/* End PBXGroup section */

/* Begin PBXNativeTarget section */
		050F5F2C1F4D8BDE001E5C49 /* Demo */ = {
			isa = PBXNativeTarget;
			buildConfigurationList = 050F5F5A1F4D8BDE001E5C49 /* Build configuration list for PBXNativeTarget "Demo" */;
			buildPhases = (
				A858EA80E5E369F91A0DCA3E /* [CP] Check Pods Manifest.lock */,
				050F5F291F4D8BDE001E5C49 /* Sources */,
				050F5F2A1F4D8BDE001E5C49 /* Frameworks */,
				050F5F2B1F4D8BDE001E5C49 /* Resources */,
				655D1E887D57C4EF1E8E6E4A /* [CP] Embed Pods Frameworks */,
				4673712105535F2A3264D5A6 /* [CP] Copy Pods Resources */,
			);
			buildRules = (
			);
			dependencies = (
			);
			name = Demo;
			productName = Demo;
			productReference = 050F5F2D1F4D8BDE001E5C49 /* Demo.app */;
			productType = "com.apple.product-type.application";
		};
		050F5F451F4D8BDE001E5C49 /* DemoTests */ = {
			isa = PBXNativeTarget;
			buildConfigurationList = 050F5F5D1F4D8BDE001E5C49 /* Build configuration list for PBXNativeTarget "DemoTests" */;
			buildPhases = (
				050F5F421F4D8BDE001E5C49 /* Sources */,
				050F5F431F4D8BDE001E5C49 /* Frameworks */,
				050F5F441F4D8BDE001E5C49 /* Resources */,
			);
			buildRules = (
			);
			dependencies = (
				050F5F481F4D8BDE001E5C49 /* PBXTargetDependency */,
			);
			name = DemoTests;
			productName = DemoTests;
			productReference = 050F5F461F4D8BDE001E5C49 /* DemoTests.xctest */;
			productType = "com.apple.product-type.bundle.unit-test";
		};
		050F5F501F4D8BDE001E5C49 /* DemoUITests */ = {
			isa = PBXNativeTarget;
			buildConfigurationList = 050F5F601F4D8BDE001E5C49 /* Build configuration list for PBXNativeTarget "DemoUITests" */;
			buildPhases = (
				050F5F4D1F4D8BDE001E5C49 /* Sources */,
				050F5F4E1F4D8BDE001E5C49 /* Frameworks */,
				050F5F4F1F4D8BDE001E5C49 /* Resources */,
			);
			buildRules = (
			);
			dependencies = (
				050F5F531F4D8BDE001E5C49 /* PBXTargetDependency */,
			);
			name = DemoUITests;
			productName = DemoUITests;
			productReference = 050F5F511F4D8BDE001E5C49 /* DemoUITests.xctest */;
			productType = "com.apple.product-type.bundle.ui-testing";
		};
/* End PBXNativeTarget section */

/* Begin PBXProject section */
		050F5F251F4D8BDE001E5C49 /* Project object */ = {
			isa = PBXProject;
			attributes = {
				LastUpgradeCheck = 0830;
				ORGANIZATIONNAME = zjwist;
				TargetAttributes = {
					050F5F2C1F4D8BDE001E5C49 = {
						CreatedOnToolsVersion = 8.3.3;
						DevelopmentTeam = 5D5QPXSMSZ;
						ProvisioningStyle = Automatic;
					};
					050F5F451F4D8BDE001E5C49 = {
						CreatedOnToolsVersion = 8.3.3;
						DevelopmentTeam = 5D5QPXSMSZ;
						ProvisioningStyle = Automatic;
						TestTargetID = 050F5F2C1F4D8BDE001E5C49;
					};
					050F5F501F4D8BDE001E5C49 = {
						CreatedOnToolsVersion = 8.3.3;
						DevelopmentTeam = 5D5QPXSMSZ;
						ProvisioningStyle = Automatic;
						TestTargetID = 050F5F2C1F4D8BDE001E5C49;
					};
				};
			};
			buildConfigurationList = 050F5F281F4D8BDE001E5C49 /* Build configuration list for PBXProject "Demo" */;
			compatibilityVersion = "Xcode 3.2";
			developmentRegion = English;
			hasScannedForEncodings = 0;
			knownRegions = (
				en,
				Base,
			);
			mainGroup = 050F5F241F4D8BDE001E5C49;
			productRefGroup = 050F5F2E1F4D8BDE001E5C49 /* Products */;
			projectDirPath = "";
			projectRoot = "";
			targets = (
				050F5F2C1F4D8BDE001E5C49 /* Demo */,
				050F5F451F4D8BDE001E5C49 /* DemoTests */,
				050F5F501F4D8BDE001E5C49 /* DemoUITests */,
			);
		};
/* End PBXProject section */

/* Begin PBXResourcesBuildPhase section */
		050F5F2B1F4D8BDE001E5C49 /* Resources */ = {
			isa = PBXResourcesBuildPhase;
			buildActionMask = 2147483647;
			files = (
				051F86011F53D94500A2109A /* BusinessManage.json in Resources */,
				050F5F401F4D8BDE001E5C49 /* LaunchScreen.storyboard in Resources */,
				050F5F3D1F4D8BDE001E5C49 /* Assets.xcassets in Resources */,
				050F5F3B1F4D8BDE001E5C49 /* Main.storyboard in Resources */,
			);
			runOnlyForDeploymentPostprocessing = 0;
		};
		050F5F441F4D8BDE001E5C49 /* Resources */ = {
			isa = PBXResourcesBuildPhase;
			buildActionMask = 2147483647;
			files = (
			);
			runOnlyForDeploymentPostprocessing = 0;
		};
		050F5F4F1F4D8BDE001E5C49 /* Resources */ = {
			isa = PBXResourcesBuildPhase;
			buildActionMask = 2147483647;
			files = (
			);
			runOnlyForDeploymentPostprocessing = 0;
		};
/* End PBXResourcesBuildPhase section */

/* Begin PBXShellScriptBuildPhase section */
		4673712105535F2A3264D5A6 /* [CP] Copy Pods Resources */ = {
			isa = PBXShellScriptBuildPhase;
			buildActionMask = 2147483647;
			files = (
			);
			inputPaths = (
			);
			name = "[CP] Copy Pods Resources";
			outputPaths = (
			);
			runOnlyForDeploymentPostprocessing = 0;
			shellPath = /bin/sh;
			shellScript = "\"${SRCROOT}/Pods/Target Support Files/Pods-Demo/Pods-Demo-resources.sh\"\n";
			showEnvVarsInLog = 0;
		};
		655D1E887D57C4EF1E8E6E4A /* [CP] Embed Pods Frameworks */ = {
			isa = PBXShellScriptBuildPhase;
			buildActionMask = 2147483647;
			files = (
			);
			inputPaths = (
			);
			name = "[CP] Embed Pods Frameworks";
			outputPaths = (
			);
			runOnlyForDeploymentPostprocessing = 0;
			shellPath = /bin/sh;
			shellScript = "\"${SRCROOT}/Pods/Target Support Files/Pods-Demo/Pods-Demo-frameworks.sh\"\n";
			showEnvVarsInLog = 0;
		};
		A858EA80E5E369F91A0DCA3E /* [CP] Check Pods Manifest.lock */ = {
			isa = PBXShellScriptBuildPhase;
			buildActionMask = 2147483647;
			files = (
			);
			inputPaths = (
			);
			name = "[CP] Check Pods Manifest.lock";
			outputPaths = (
			);
			runOnlyForDeploymentPostprocessing = 0;
			shellPath = /bin/sh;
			shellScript = "diff \"${PODS_PODFILE_DIR_PATH}/Podfile.lock\" \"${PODS_ROOT}/Manifest.lock\" > /dev/null\nif [ $? != 0 ] ; then\n    # print error to STDERR\n    echo \"error: The sandbox is not in sync with the Podfile.lock. Run 'pod install' or update your CocoaPods installation.\" >&2\n    exit 1\nfi\n";
			showEnvVarsInLog = 0;
		};
/* End PBXShellScriptBuildPhase section */

/* Begin PBXSourcesBuildPhase section */
		050F5F291F4D8BDE001E5C49 /* Sources */ = {
			isa = PBXSourcesBuildPhase;
			buildActionMask = 2147483647;
			files = (
				051F85FF1F53BDEC00A2109A /* FirstTableVIewController.m in Sources */,
				051F86071F53E09100A2109A /* TableViewCell.m in Sources */,
				051F86041F53DE8B00A2109A /* Firstmodel.m in Sources */,
				05ACA95A1F70B4DD0073D305 /* DSZInterFace.m in Sources */,
				050F5F381F4D8BDE001E5C49 /* ViewController.m in Sources */,
				050F5F351F4D8BDE001E5C49 /* AppDelegate.m in Sources */,
				050F5F321F4D8BDE001E5C49 /* main.m in Sources */,
			);
			runOnlyForDeploymentPostprocessing = 0;
		};
		050F5F421F4D8BDE001E5C49 /* Sources */ = {
			isa = PBXSourcesBuildPhase;
			buildActionMask = 2147483647;
			files = (
				050F5F4B1F4D8BDE001E5C49 /* DemoTests.m in Sources */,
			);
			runOnlyForDeploymentPostprocessing = 0;
		};
		050F5F4D1F4D8BDE001E5C49 /* Sources */ = {
			isa = PBXSourcesBuildPhase;
			buildActionMask = 2147483647;
			files = (
				050F5F561F4D8BDE001E5C49 /* DemoUITests.m in Sources */,
			);
			runOnlyForDeploymentPostprocessing = 0;
		};
/* End PBXSourcesBuildPhase section */

/* Begin PBXTargetDependency section */
		050F5F481F4D8BDE001E5C49 /* PBXTargetDependency */ = {
			isa = PBXTargetDependency;
			target = 050F5F2C1F4D8BDE001E5C49 /* Demo */;
			targetProxy = 050F5F471F4D8BDE001E5C49 /* PBXContainerItemProxy */;
		};
		050F5F531F4D8BDE001E5C49 /* PBXTargetDependency */ = {
			isa = PBXTargetDependency;
			target = 050F5F2C1F4D8BDE001E5C49 /* Demo */;
			targetProxy = 050F5F521F4D8BDE001E5C49 /* PBXContainerItemProxy */;
		};
/* End PBXTargetDependency section */

/* Begin PBXVariantGroup section */
		050F5F391F4D8BDE001E5C49 /* Main.storyboard */ = {
			isa = PBXVariantGroup;
			children = (
				050F5F3A1F4D8BDE001E5C49 /* Base */,
			);
			name = Main.storyboard;
			sourceTree = "<group>";
		};
		050F5F3E1F4D8BDE001E5C49 /* LaunchScreen.storyboard */ = {
			isa = PBXVariantGroup;
			children = (
				050F5F3F1F4D8BDE001E5C49 /* Base */,
			);
			name = LaunchScreen.storyboard;
			sourceTree = "<group>";
		};
/* End PBXVariantGroup section */

/* Begin XCBuildConfiguration section */
		050F5F581F4D8BDE001E5C49 /* Debug */ = {
			isa = XCBuildConfiguration;
			buildSettings = {
				ALWAYS_SEARCH_USER_PATHS = NO;
				CLANG_ANALYZER_NONNULL = YES;
				CLANG_ANALYZER_NUMBER_OBJECT_CONVERSION = YES_AGGRESSIVE;
				CLANG_CXX_LANGUAGE_STANDARD = "gnu++0x";
				CLANG_CXX_LIBRARY = "libc++";
				CLANG_ENABLE_MODULES = YES;
				CLANG_ENABLE_OBJC_ARC = YES;
				CLANG_WARN_BOOL_CONVERSION = YES;
				CLANG_WARN_CONSTANT_CONVERSION = YES;
				CLANG_WARN_DIRECT_OBJC_ISA_USAGE = YES_ERROR;
				CLANG_WARN_DOCUMENTATION_COMMENTS = YES;
				CLANG_WARN_EMPTY_BODY = YES;
				CLANG_WARN_ENUM_CONVERSION = YES;
				CLANG_WARN_INFINITE_RECURSION = YES;
				CLANG_WARN_INT_CONVERSION = YES;
				CLANG_WARN_OBJC_ROOT_CLASS = YES_ERROR;
				CLANG_WARN_SUSPICIOUS_MOVE = YES;
				CLANG_WARN_UNREACHABLE_CODE = YES;
				CLANG_WARN__DUPLICATE_METHOD_MATCH = YES;
				"CODE_SIGN_IDENTITY[sdk=iphoneos*]" = "iPhone Developer";
				COPY_PHASE_STRIP = NO;
				DEBUG_INFORMATION_FORMAT = dwarf;
				ENABLE_STRICT_OBJC_MSGSEND = YES;
				ENABLE_TESTABILITY = YES;
				GCC_C_LANGUAGE_STANDARD = gnu99;
				GCC_DYNAMIC_NO_PIC = NO;
				GCC_NO_COMMON_BLOCKS = YES;
				GCC_OPTIMIZATION_LEVEL = 0;
				GCC_PREPROCESSOR_DEFINITIONS = (
					"DEBUG=1",
					"$(inherited)",
				);
				GCC_WARN_64_TO_32_BIT_CONVERSION = YES;
				GCC_WARN_ABOUT_RETURN_TYPE = YES_ERROR;
				GCC_WARN_UNDECLARED_SELECTOR = YES;
				GCC_WARN_UNINITIALIZED_AUTOS = YES_AGGRESSIVE;
				GCC_WARN_UNUSED_FUNCTION = YES;
				GCC_WARN_UNUSED_VARIABLE = YES;
				IPHONEOS_DEPLOYMENT_TARGET = 10.3;
				MTL_ENABLE_DEBUG_INFO = YES;
				ONLY_ACTIVE_ARCH = YES;
				SDKROOT = iphoneos;
			};
			name = Debug;
		};
		050F5F591F4D8BDE001E5C49 /* Release */ = {
			isa = XCBuildConfiguration;
			buildSettings = {
				ALWAYS_SEARCH_USER_PATHS = NO;
				CLANG_ANALYZER_NONNULL = YES;
				CLANG_ANALYZER_NUMBER_OBJECT_CONVERSION = YES_AGGRESSIVE;
				CLANG_CXX_LANGUAGE_STANDARD = "gnu++0x";
				CLANG_CXX_LIBRARY = "libc++";
				CLANG_ENABLE_MODULES = YES;
				CLANG_ENABLE_OBJC_ARC = YES;
				CLANG_WARN_BOOL_CONVERSION = YES;
				CLANG_WARN_CONSTANT_CONVERSION = YES;
				CLANG_WARN_DIRECT_OBJC_ISA_USAGE = YES_ERROR;
				CLANG_WARN_DOCUMENTATION_COMMENTS = YES;
				CLANG_WARN_EMPTY_BODY = YES;
				CLANG_WARN_ENUM_CONVERSION = YES;
				CLANG_WARN_INFINITE_RECURSION = YES;
				CLANG_WARN_INT_CONVERSION = YES;
				CLANG_WARN_OBJC_ROOT_CLASS = YES_ERROR;
				CLANG_WARN_SUSPICIOUS_MOVE = YES;
				CLANG_WARN_UNREACHABLE_CODE = YES;
				CLANG_WARN__DUPLICATE_METHOD_MATCH = YES;
				"CODE_SIGN_IDENTITY[sdk=iphoneos*]" = "iPhone Developer";
				COPY_PHASE_STRIP = NO;
				DEBUG_INFORMATION_FORMAT = "dwarf-with-dsym";
				ENABLE_NS_ASSERTIONS = NO;
				ENABLE_STRICT_OBJC_MSGSEND = YES;
				GCC_C_LANGUAGE_STANDARD = gnu99;
				GCC_NO_COMMON_BLOCKS = YES;
				GCC_WARN_64_TO_32_BIT_CONVERSION = YES;
				GCC_WARN_ABOUT_RETURN_TYPE = YES_ERROR;
				GCC_WARN_UNDECLARED_SELECTOR = YES;
				GCC_WARN_UNINITIALIZED_AUTOS = YES_AGGRESSIVE;
				GCC_WARN_UNUSED_FUNCTION = YES;
				GCC_WARN_UNUSED_VARIABLE = YES;
				IPHONEOS_DEPLOYMENT_TARGET = 10.3;
				MTL_ENABLE_DEBUG_INFO = NO;
				SDKROOT = iphoneos;
				VALIDATE_PRODUCT = YES;
			};
			name = Release;
		};
		050F5F5B1F4D8BDE001E5C49 /* Debug */ = {
			isa = XCBuildConfiguration;
			baseConfigurationReference = C1BD9B58303A17FED840BB34 /* Pods-Demo.debug.xcconfig */;
			buildSettings = {
				ASSETCATALOG_COMPILER_APPICON_NAME = AppIcon;
				DEVELOPMENT_TEAM = 5D5QPXSMSZ;
				INFOPLIST_FILE = Demo/Info.plist;
				LD_RUNPATH_SEARCH_PATHS = "$(inherited) @executable_path/Frameworks";
				PRODUCT_BUNDLE_IDENTIFIER = com.4yankj.Demo;
				PRODUCT_NAME = "$(TARGET_NAME)";
			};
			name = Debug;
		};
		050F5F5C1F4D8BDE001E5C49 /* Release */ = {
			isa = XCBuildConfiguration;
			baseConfigurationReference = AA0788FF76F62F5081D11B3D /* Pods-Demo.release.xcconfig */;
			buildSettings = {
				ASSETCATALOG_COMPILER_APPICON_NAME = AppIcon;
				DEVELOPMENT_TEAM = 5D5QPXSMSZ;
				INFOPLIST_FILE = Demo/Info.plist;
				LD_RUNPATH_SEARCH_PATHS = "$(inherited) @executable_path/Frameworks";
				PRODUCT_BUNDLE_IDENTIFIER = com.4yankj.Demo;
				PRODUCT_NAME = "$(TARGET_NAME)";
			};
			name = Release;
		};
		050F5F5E1F4D8BDE001E5C49 /* Debug */ = {
			isa = XCBuildConfiguration;
			buildSettings = {
				BUNDLE_LOADER = "$(TEST_HOST)";
				DEVELOPMENT_TEAM = 5D5QPXSMSZ;
				INFOPLIST_FILE = DemoTests/Info.plist;
				LD_RUNPATH_SEARCH_PATHS = "$(inherited) @executable_path/Frameworks @loader_path/Frameworks";
				PRODUCT_BUNDLE_IDENTIFIER = com.4yankj.DemoTests;
				PRODUCT_NAME = "$(TARGET_NAME)";
				TEST_HOST = "$(BUILT_PRODUCTS_DIR)/Demo.app/Demo";
			};
			name = Debug;
		};
		050F5F5F1F4D8BDE001E5C49 /* Release */ = {
			isa = XCBuildConfiguration;
			buildSettings = {
				BUNDLE_LOADER = "$(TEST_HOST)";
				DEVELOPMENT_TEAM = 5D5QPXSMSZ;
				INFOPLIST_FILE = DemoTests/Info.plist;
				LD_RUNPATH_SEARCH_PATHS = "$(inherited) @executable_path/Frameworks @loader_path/Frameworks";
				PRODUCT_BUNDLE_IDENTIFIER = com.4yankj.DemoTests;
				PRODUCT_NAME = "$(TARGET_NAME)";
				TEST_HOST = "$(BUILT_PRODUCTS_DIR)/Demo.app/Demo";
			};
			name = Release;
		};
		050F5F611F4D8BDE001E5C49 /* Debug */ = {
			isa = XCBuildConfiguration;
			buildSettings = {
				DEVELOPMENT_TEAM = 5D5QPXSMSZ;
				INFOPLIST_FILE = DemoUITests/Info.plist;
				LD_RUNPATH_SEARCH_PATHS = "$(inherited) @executable_path/Frameworks @loader_path/Frameworks";
				PRODUCT_BUNDLE_IDENTIFIER = com.4yankj.DemoUITests;
				PRODUCT_NAME = "$(TARGET_NAME)";
				TEST_TARGET_NAME = Demo;
			};
			name = Debug;
		};
		050F5F621F4D8BDE001E5C49 /* Release */ = {
			isa = XCBuildConfiguration;
			buildSettings = {
				DEVELOPMENT_TEAM = 5D5QPXSMSZ;
				INFOPLIST_FILE = DemoUITests/Info.plist;
				LD_RUNPATH_SEARCH_PATHS = "$(inherited) @executable_path/Frameworks @loader_path/Frameworks";
				PRODUCT_BUNDLE_IDENTIFIER = com.4yankj.DemoUITests;
				PRODUCT_NAME = "$(TARGET_NAME)";
				TEST_TARGET_NAME = Demo;
			};
			name = Release;
		};
/* End XCBuildConfiguration section */

/* Begin XCConfigurationList section */
		050F5F281F4D8BDE001E5C49 /* Build configuration list for PBXProject "Demo" */ = {
			isa = XCConfigurationList;
			buildConfigurations = (
				050F5F581F4D8BDE001E5C49 /* Debug */,
				050F5F591F4D8BDE001E5C49 /* Release */,
			);
			defaultConfigurationIsVisible = 0;
			defaultConfigurationName = Release;
		};
		050F5F5A1F4D8BDE001E5C49 /* Build configuration list for PBXNativeTarget "Demo" */ = {
			isa = XCConfigurationList;
			buildConfigurations = (
				050F5F5B1F4D8BDE001E5C49 /* Debug */,
				050F5F5C1F4D8BDE001E5C49 /* Release */,
			);
			defaultConfigurationIsVisible = 0;
			defaultConfigurationName = Release;
		};
		050F5F5D1F4D8BDE001E5C49 /* Build configuration list for PBXNativeTarget "DemoTests" */ = {
			isa = XCConfigurationList;
			buildConfigurations = (
				050F5F5E1F4D8BDE001E5C49 /* Debug */,
				050F5F5F1F4D8BDE001E5C49 /* Release */,
			);
			defaultConfigurationIsVisible = 0;
			defaultConfigurationName = Release;
		};
		050F5F601F4D8BDE001E5C49 /* Build configuration list for PBXNativeTarget "DemoUITests" */ = {
			isa = XCConfigurationList;
			buildConfigurations = (
				050F5F611F4D8BDE001E5C49 /* Debug */,
				050F5F621F4D8BDE001E5C49 /* Release */,
			);
			defaultConfigurationIsVisible = 0;
			defaultConfigurationName = Release;
		};
/* End XCConfigurationList section */
	};
	rootObject = 050F5F251F4D8BDE001E5C49 /* Project object */;
}
